
Microsoft Visual Studio Solution File, Format Version 12.00
# Visual Studio Version 17
VisualStudioVersion = 17.11.35327.3
MinimumVisualStudioVersion = 10.0.40219.1
Project("{FAE04EC0-301F-11D3-BF4B-00C04F79EFBC}") = "LingoLift", "LingoLift.csproj", "{AC683A5E-AD28-46FA-B278-08A7FD63A6C5}"
EndProject
Global
	GlobalSection(SolutionConfigurationPlatforms) = preSolution
		Debug|Any CPU = Debug|Any CPU
		Release|Any CPU = Release|Any CPU
	EndGlobalSection
	GlobalSection(ProjectConfigurationPlatforms) = postSolution
		{AC683A5E-AD28-46FA-B278-08A7FD63A6C5}.Debug|Any CPU.ActiveCfg = Debug|Any CPU
		{AC683A5E-AD28-46FA-B278-08A7FD63A6C5}.Debug|Any CPU.Build.0 = Debug|Any CPU
		{AC683A5E-AD28-46FA-B278-08A7FD63A6C5}.Release|Any CPU.ActiveCfg = Release|Any CPU
		{AC683A5E-AD28-46FA-B278-08A7FD63A6C5}.Release|Any CPU.Build.0 = Release|Any CPU
	EndGlobalSection
	GlobalSection(SolutionProperties) = preSolution
		HideSolutionNode = FALSE
	EndGlobalSection
	GlobalSection(ExtensibilityGlobals) = postSolution
		SolutionGuid = {6022ADEC-BF34-41AA-BBC7-0BBFCEFAB05B}
	EndGlobalSection
EndGlobal
